
Microsoft Visual Studio Solution File, Format Version 12.00
# Visual Studio Version 17
VisualStudioVersion = 17.4.33213.308
MinimumVisualStudioVersion = 10.0.40219.1
Project("{9A19103F-16F7-4668-BE54-9A1E7A4F7556}") = "Menagerie", "Menagerie\Menagerie.csproj", "{D4A31BCD-1567-4211-AF2C-2E7207016C25}"
EndProject
Project("{FAE04EC0-301F-11D3-BF4B-00C04F79EFBC}") = "Menagerie.Tests", "Menagerie.Tests\Menagerie.Tests.csproj", "{513F59F9-E61D-49AD-B405-F5A7861B21B0}"
EndProject
Global
	GlobalSection(SolutionConfigurationPlatforms) = preSolution
		Debug|Any CPU = Debug|Any CPU
		Release|Any CPU = Release|Any CPU
	EndGlobalSection
	GlobalSection(ProjectConfigurationPlatforms) = postSolution
		{D4A31BCD-1567-4211-AF2C-2E7207016C25}.Debug|Any CPU.ActiveCfg = Debug|Any CPU
		{D4A31BCD-1567-4211-AF2C-2E7207016C25}.Debug|Any CPU.Build.0 = Debug|Any CPU
		{D4A31BCD-1567-4211-AF2C-2E7207016C25}.Release|Any CPU.ActiveCfg = Release|Any CPU
		{D4A31BCD-1567-4211-AF2C-2E7207016C25}.Release|Any CPU.Build.0 = Release|Any CPU
		{513F59F9-E61D-49AD-B405-F5A7861B21B0}.Debug|Any CPU.ActiveCfg = Debug|Any CPU
		{513F59F9-E61D-49AD-B405-F5A7861B21B0}.Debug|Any CPU.Build.0 = Debug|Any CPU
		{513F59F9-E61D-49AD-B405-F5A7861B21B0}.Release|Any CPU.ActiveCfg = Release|Any CPU
		{513F59F9-E61D-49AD-B405-F5A7861B21B0}.Release|Any CPU.Build.0 = Release|Any CPU
	EndGlobalSection
	GlobalSection(SolutionProperties) = preSolution
		HideSolutionNode = FALSE
	EndGlobalSection
	GlobalSection(ExtensibilityGlobals) = postSolution
		SolutionGuid = {64410396-C6C7-4C33-A211-2E37ED17CD4B}
	EndGlobalSection
EndGlobal
